
Microsoft Visual Studio Solution File, Format Version 12.00
# Visual Studio Version 17
VisualStudioVersion = 17.8.34525.116
MinimumVisualStudioVersion = 10.0.40219.1
Project("{9A19103F-16F7-4668-BE54-9A1E7A4F7556}") = "BackAPI", "BackEndAPI\BackAPI.csproj", "{AE4CC3F5-13BB-4710-9BA9-CA5E5E2392B2}"
EndProject
Global
	GlobalSection(SolutionConfigurationPlatforms) = preSolution
		Debug|Any CPU = Debug|Any CPU
		Release|Any CPU = Release|Any CPU
	EndGlobalSection
	GlobalSection(ProjectConfigurationPlatforms) = postSolution
		{AE4CC3F5-13BB-4710-9BA9-CA5E5E2392B2}.Debug|Any CPU.ActiveCfg = Debug|Any CPU
		{AE4CC3F5-13BB-4710-9BA9-CA5E5E2392B2}.Debug|Any CPU.Build.0 = Debug|Any CPU
		{AE4CC3F5-13BB-4710-9BA9-CA5E5E2392B2}.Release|Any CPU.ActiveCfg = Release|Any CPU
		{AE4CC3F5-13BB-4710-9BA9-CA5E5E2392B2}.Release|Any CPU.Build.0 = Release|Any CPU
	EndGlobalSection
	GlobalSection(SolutionProperties) = preSolution
		HideSolutionNode = FALSE
	EndGlobalSection
	GlobalSection(ExtensibilityGlobals) = postSolution
		SolutionGuid = {F1CCEAF3-CC7B-41E5-A90B-2ED244DDE13F}
	EndGlobalSection
EndGlobal
