
Microsoft Visual Studio Solution File, Format Version 12.00
# Visual Studio Version 17
VisualStudioVersion = 17.8.34525.116
MinimumVisualStudioVersion = 10.0.40219.1
Project("{FAE04EC0-301F-11D3-BF4B-00C04F79EFBC}") = "TeledockBackAPI", "TeledockBackAPI\TeledockBackAPI.csproj", "{E82FA59E-C58E-4419-8A70-69C769F0B76E}"
EndProject
Global
	GlobalSection(SolutionConfigurationPlatforms) = preSolution
		Debug|Any CPU = Debug|Any CPU
		Release|Any CPU = Release|Any CPU
	EndGlobalSection
	GlobalSection(ProjectConfigurationPlatforms) = postSolution
		{E82FA59E-C58E-4419-8A70-69C769F0B76E}.Debug|Any CPU.ActiveCfg = Debug|Any CPU
		{E82FA59E-C58E-4419-8A70-69C769F0B76E}.Debug|Any CPU.Build.0 = Debug|Any CPU
		{E82FA59E-C58E-4419-8A70-69C769F0B76E}.Release|Any CPU.ActiveCfg = Release|Any CPU
		{E82FA59E-C58E-4419-8A70-69C769F0B76E}.Release|Any CPU.Build.0 = Release|Any CPU
	EndGlobalSection
	GlobalSection(SolutionProperties) = preSolution
		HideSolutionNode = FALSE
	EndGlobalSection
	GlobalSection(ExtensibilityGlobals) = postSolution
		SolutionGuid = {F1CCEAF3-CC7B-41E5-A90B-2ED244DDE13F}
	EndGlobalSection
EndGlobal
